
Microsoft Visual Studio Solution File, Format Version 12.00
# Visual Studio Version 17
VisualStudioVersion = 17.2.32630.192
MinimumVisualStudioVersion = 10.0.40219.1
Project("{FAE04EC0-301F-11D3-BF4B-00C04F79EFBC}") = "RegionView", "RegionView\RegionView.csproj", "{5F27341C-0E09-4F92-835D-893F786301AF}"
EndProject
Global
	GlobalSection(SolutionConfigurationPlatforms) = preSolution
		Debug|Any CPU = Debug|Any CPU
		Release|Any CPU = Release|Any CPU
	EndGlobalSection
	GlobalSection(ProjectConfigurationPlatforms) = postSolution
		{5F27341C-0E09-4F92-835D-893F786301AF}.Debug|Any CPU.ActiveCfg = Debug|Any CPU
		{5F27341C-0E09-4F92-835D-893F786301AF}.Debug|Any CPU.Build.0 = Debug|Any CPU
		{5F27341C-0E09-4F92-835D-893F786301AF}.Release|Any CPU.ActiveCfg = Release|Any CPU
		{5F27341C-0E09-4F92-835D-893F786301AF}.Release|Any CPU.Build.0 = Release|Any CPU
	EndGlobalSection
	GlobalSection(SolutionProperties) = preSolution
		HideSolutionNode = FALSE
	EndGlobalSection
	GlobalSection(ExtensibilityGlobals) = postSolution
		SolutionGuid = {58118707-CB62-43CE-A5FB-83C2DB017B18}
	EndGlobalSection
EndGlobal
